// !$*UTF8*$!
{
	archiveVersion = 1;
	classes = {
	};
	objectVersion = 46;
	objects = {

/* Begin PBXBuildFile section */
		E17E14D217F7485A003B5AED /* UIKit.framework in Frameworks */ = {isa = PBXBuildFile; fileRef = E17E14D117F7485A003B5AED /* UIKit.framework */; };
		E17E14D417F7485A003B5AED /* Foundation.framework in Frameworks */ = {isa = PBXBuildFile; fileRef = E17E14D317F7485A003B5AED /* Foundation.framework */; };
		E17E14D617F7485A003B5AED /* CoreGraphics.framework in Frameworks */ = {isa = PBXBuildFile; fileRef = E17E14D517F7485A003B5AED /* CoreGraphics.framework */; };
		E17E14DC17F7485A003B5AED /* InfoPlist.strings in Resources */ = {isa = PBXBuildFile; fileRef = E17E14DA17F7485A003B5AED /* InfoPlist.strings */; };
		E17E14DE17F7485A003B5AED /* main.m in Sources */ = {isa = PBXBuildFile; fileRef = E17E14DD17F7485A003B5AED /* main.m */; };
		E17E14E217F7485A003B5AED /* AppDelegate.m in Sources */ = {isa = PBXBuildFile; fileRef = E17E14E117F7485A003B5AED /* AppDelegate.m */; };
		E17E14E417F7485A003B5AED /* Default.png in Resources */ = {isa = PBXBuildFile; fileRef = E17E14E317F7485A003B5AED /* Default.png */; };
		E17E14E617F7485A003B5AED /* Default@2x.png in Resources */ = {isa = PBXBuildFile; fileRef = E17E14E517F7485A003B5AED /* Default@2x.png */; };
		E17E14E817F7485A003B5AED /* Default-568h@2x.png in Resources */ = {isa = PBXBuildFile; fileRef = E17E14E717F7485A003B5AED /* Default-568h@2x.png */; };
		E17E14EB17F7485A003B5AED /* MainStoryboard.storyboard in Resources */ = {isa = PBXBuildFile; fileRef = E17E14E917F7485A003B5AED /* MainStoryboard.storyboard */; };
		E17E14F617F7485B003B5AED /* SenTestingKit.framework in Frameworks */ = {isa = PBXBuildFile; fileRef = E17E14F517F7485B003B5AED /* SenTestingKit.framework */; };
		E17E14F717F7485B003B5AED /* UIKit.framework in Frameworks */ = {isa = PBXBuildFile; fileRef = E17E14D117F7485A003B5AED /* UIKit.framework */; };
		E17E14F817F7485B003B5AED /* Foundation.framework in Frameworks */ = {isa = PBXBuildFile; fileRef = E17E14D317F7485A003B5AED /* Foundation.framework */; };
		E17E150017F7485B003B5AED /* InfoPlist.strings in Resources */ = {isa = PBXBuildFile; fileRef = E17E14FE17F7485B003B5AED /* InfoPlist.strings */; };
		E17E150E17F758BB003B5AED /* Trigram.m in Sources */ = {isa = PBXBuildFile; fileRef = E17E150D17F758BB003B5AED /* Trigram.m */; };
		E17E150F17F758BB003B5AED /* Trigram.m in Sources */ = {isa = PBXBuildFile; fileRef = E17E150D17F758BB003B5AED /* Trigram.m */; };
		E17E151817F78226003B5AED /* TextReader.m in Sources */ = {isa = PBXBuildFile; fileRef = E17E151717F78225003B5AED /* TextReader.m */; };
		E17E151917F78226003B5AED /* TextReader.m in Sources */ = {isa = PBXBuildFile; fileRef = E17E151717F78225003B5AED /* TextReader.m */; };
		E17E151F17F78829003B5AED /* book1 test.txt in Resources */ = {isa = PBXBuildFile; fileRef = E17E151A17F78829003B5AED /* book1 test.txt */; };
		E17E152017F78829003B5AED /* book1 test.txt in Resources */ = {isa = PBXBuildFile; fileRef = E17E151A17F78829003B5AED /* book1 test.txt */; };
		E17E152117F78829003B5AED /* book1.txt in Resources */ = {isa = PBXBuildFile; fileRef = E17E151B17F78829003B5AED /* book1.txt */; };
		E17E152217F78829003B5AED /* book1.txt in Resources */ = {isa = PBXBuildFile; fileRef = E17E151B17F78829003B5AED /* book1.txt */; };
		E17E152317F78829003B5AED /* book2 test.txt in Resources */ = {isa = PBXBuildFile; fileRef = E17E151C17F78829003B5AED /* book2 test.txt */; };
		E17E152417F78829003B5AED /* book2 test.txt in Resources */ = {isa = PBXBuildFile; fileRef = E17E151C17F78829003B5AED /* book2 test.txt */; };
		E17E152517F78829003B5AED /* book2.txt in Resources */ = {isa = PBXBuildFile; fileRef = E17E151D17F78829003B5AED /* book2.txt */; };
		E17E152617F78829003B5AED /* book2.txt in Resources */ = {isa = PBXBuildFile; fileRef = E17E151D17F78829003B5AED /* book2.txt */; };
		E17E152717F78829003B5AED /* test kata.txt in Resources */ = {isa = PBXBuildFile; fileRef = E17E151E17F78829003B5AED /* test kata.txt */; };
		E17E152817F78829003B5AED /* test kata.txt in Resources */ = {isa = PBXBuildFile; fileRef = E17E151E17F78829003B5AED /* test kata.txt */; };
		E17E152C17F78BE2003B5AED /* TextReaderTests.m in Sources */ = {isa = PBXBuildFile; fileRef = E17E152B17F78BE2003B5AED /* TextReaderTests.m */; };
		E17E152F17F7912A003B5AED /* TrigramsGenerator.m in Sources */ = {isa = PBXBuildFile; fileRef = E17E152E17F7912A003B5AED /* TrigramsGenerator.m */; };
		E17E153017F7912A003B5AED /* TrigramsGenerator.m in Sources */ = {isa = PBXBuildFile; fileRef = E17E152E17F7912A003B5AED /* TrigramsGenerator.m */; };
		E17E153317F7A97B003B5AED /* TrigramParserTests.m in Sources */ = {isa = PBXBuildFile; fileRef = E17E153217F7A97B003B5AED /* TrigramParserTests.m */; };
		E17E153717F91580003B5AED /* TextGenerator.m in Sources */ = {isa = PBXBuildFile; fileRef = E17E153617F91580003B5AED /* TextGenerator.m */; };
		E17E153817F91580003B5AED /* TextGenerator.m in Sources */ = {isa = PBXBuildFile; fileRef = E17E153617F91580003B5AED /* TextGenerator.m */; };
		E17E153B17F91D2A003B5AED /* TextGeneratorTests.m in Sources */ = {isa = PBXBuildFile; fileRef = E17E153A17F91D2A003B5AED /* TextGeneratorTests.m */; };
		E17E153E17F928A3003B5AED /* TrigramsTableViewCell.m in Sources */ = {isa = PBXBuildFile; fileRef = E17E153D17F928A3003B5AED /* TrigramsTableViewCell.m */; };
		E17E153F17F928A3003B5AED /* TrigramsTableViewCell.m in Sources */ = {isa = PBXBuildFile; fileRef = E17E153D17F928A3003B5AED /* TrigramsTableViewCell.m */; };
		E17E154217F92C3E003B5AED /* ListViewController.m in Sources */ = {isa = PBXBuildFile; fileRef = E17E154117F92C3E003B5AED /* ListViewController.m */; };
		E17E154317F92C3E003B5AED /* ListViewController.m in Sources */ = {isa = PBXBuildFile; fileRef = E17E154117F92C3E003B5AED /* ListViewController.m */; };
		E17E154717F93779003B5AED /* TextViewController.m in Sources */ = {isa = PBXBuildFile; fileRef = E17E154617F93779003B5AED /* TextViewController.m */; };
		E17E154817F93779003B5AED /* TextViewController.m in Sources */ = {isa = PBXBuildFile; fileRef = E17E154617F93779003B5AED /* TextViewController.m */; };
/* End PBXBuildFile section */

/* Begin PBXContainerItemProxy section */
		E17E14F917F7485B003B5AED /* PBXContainerItemProxy */ = {
			isa = PBXContainerItemProxy;
			containerPortal = E17E14C617F7485A003B5AED /* Project object */;
			proxyType = 1;
			remoteGlobalIDString = E17E14CD17F7485A003B5AED;
			remoteInfo = Trigrams;
		};
/* End PBXContainerItemProxy section */

/* Begin PBXFileReference section */
		E17E14CE17F7485A003B5AED /* Trigrams.app */ = {isa = PBXFileReference; explicitFileType = wrapper.application; includeInIndex = 0; path = Trigrams.app; sourceTree = BUILT_PRODUCTS_DIR; };
		E17E14D117F7485A003B5AED /* UIKit.framework */ = {isa = PBXFileReference; lastKnownFileType = wrapper.framework; name = UIKit.framework; path = System/Library/Frameworks/UIKit.framework; sourceTree = SDKROOT; };
		E17E14D317F7485A003B5AED /* Foundation.framework */ = {isa = PBXFileReference; lastKnownFileType = wrapper.framework; name = Foundation.framework; path = System/Library/Frameworks/Foundation.framework; sourceTree = SDKROOT; };
		E17E14D517F7485A003B5AED /* CoreGraphics.framework */ = {isa = PBXFileReference; lastKnownFileType = wrapper.framework; name = CoreGraphics.framework; path = System/Library/Frameworks/CoreGraphics.framework; sourceTree = SDKROOT; };
		E17E14D917F7485A003B5AED /* Trigrams-Info.plist */ = {isa = PBXFileReference; lastKnownFileType = text.plist.xml; path = "Trigrams-Info.plist"; sourceTree = "<group>"; };
		E17E14DB17F7485A003B5AED /* en */ = {isa = PBXFileReference; lastKnownFileType = text.plist.strings; name = en; path = en.lproj/InfoPlist.strings; sourceTree = "<group>"; };
		E17E14DD17F7485A003B5AED /* main.m */ = {isa = PBXFileReference; lastKnownFileType = sourcecode.c.objc; path = main.m; sourceTree = "<group>"; };
		E17E14DF17F7485A003B5AED /* Trigrams-Prefix.pch */ = {isa = PBXFileReference; lastKnownFileType = sourcecode.c.h; path = "Trigrams-Prefix.pch"; sourceTree = "<group>"; };
		E17E14E017F7485A003B5AED /* AppDelegate.h */ = {isa = PBXFileReference; lastKnownFileType = sourcecode.c.h; path = AppDelegate.h; sourceTree = "<group>"; };
		E17E14E117F7485A003B5AED /* AppDelegate.m */ = {isa = PBXFileReference; lastKnownFileType = sourcecode.c.objc; path = AppDelegate.m; sourceTree = "<group>"; };
		E17E14E317F7485A003B5AED /* Default.png */ = {isa = PBXFileReference; lastKnownFileType = image.png; path = Default.png; sourceTree = "<group>"; };
		E17E14E517F7485A003B5AED /* Default@2x.png */ = {isa = PBXFileReference; lastKnownFileType = image.png; path = "Default@2x.png"; sourceTree = "<group>"; };
		E17E14E717F7485A003B5AED /* Default-568h@2x.png */ = {isa = PBXFileReference; lastKnownFileType = image.png; path = "Default-568h@2x.png"; sourceTree = "<group>"; };
		E17E14EA17F7485A003B5AED /* en */ = {isa = PBXFileReference; lastKnownFileType = file.storyboard; name = en; path = en.lproj/MainStoryboard.storyboard; sourceTree = "<group>"; };
		E17E14F417F7485B003B5AED /* TrigramsTests.octest */ = {isa = PBXFileReference; explicitFileType = wrapper.cfbundle; includeInIndex = 0; path = TrigramsTests.octest; sourceTree = BUILT_PRODUCTS_DIR; };
		E17E14F517F7485B003B5AED /* SenTestingKit.framework */ = {isa = PBXFileReference; lastKnownFileType = wrapper.framework; name = SenTestingKit.framework; path = Library/Frameworks/SenTestingKit.framework; sourceTree = DEVELOPER_DIR; };
		E17E14FD17F7485B003B5AED /* TrigramsTests-Info.plist */ = {isa = PBXFileReference; lastKnownFileType = text.plist.xml; path = "TrigramsTests-Info.plist"; sourceTree = "<group>"; };
		E17E14FF17F7485B003B5AED /* en */ = {isa = PBXFileReference; lastKnownFileType = text.plist.strings; name = en; path = en.lproj/InfoPlist.strings; sourceTree = "<group>"; };
		E17E150C17F758BB003B5AED /* Trigram.h */ = {isa = PBXFileReference; fileEncoding = 4; lastKnownFileType = sourcecode.c.h; path = Trigram.h; sourceTree = "<group>"; };
		E17E150D17F758BB003B5AED /* Trigram.m */ = {isa = PBXFileReference; fileEncoding = 4; lastKnownFileType = sourcecode.c.objc; path = Trigram.m; sourceTree = "<group>"; };
		E17E151617F78225003B5AED /* TextReader.h */ = {isa = PBXFileReference; fileEncoding = 4; lastKnownFileType = sourcecode.c.h; path = TextReader.h; sourceTree = "<group>"; };
		E17E151717F78225003B5AED /* TextReader.m */ = {isa = PBXFileReference; fileEncoding = 4; lastKnownFileType = sourcecode.c.objc; path = TextReader.m; sourceTree = "<group>"; };
		E17E151A17F78829003B5AED /* book1 test.txt */ = {isa = PBXFileReference; fileEncoding = 4; lastKnownFileType = text; path = "book1 test.txt"; sourceTree = "<group>"; };
		E17E151B17F78829003B5AED /* book1.txt */ = {isa = PBXFileReference; fileEncoding = 4; lastKnownFileType = text; path = book1.txt; sourceTree = "<group>"; };
		E17E151C17F78829003B5AED /* book2 test.txt */ = {isa = PBXFileReference; fileEncoding = 4; lastKnownFileType = text; path = "book2 test.txt"; sourceTree = "<group>"; };
		E17E151D17F78829003B5AED /* book2.txt */ = {isa = PBXFileReference; fileEncoding = 4; lastKnownFileType = text; path = book2.txt; sourceTree = "<group>"; };
		E17E151E17F78829003B5AED /* test kata.txt */ = {isa = PBXFileReference; fileEncoding = 4; lastKnownFileType = text; path = "test kata.txt"; sourceTree = "<group>"; };
		E17E152A17F78BE2003B5AED /* TextReaderTests.h */ = {isa = PBXFileReference; fileEncoding = 4; lastKnownFileType = sourcecode.c.h; path = TextReaderTests.h; sourceTree = "<group>"; };
		E17E152B17F78BE2003B5AED /* TextReaderTests.m */ = {isa = PBXFileReference; fileEncoding = 4; lastKnownFileType = sourcecode.c.objc; path = TextReaderTests.m; sourceTree = "<group>"; };
		E17E152D17F7912A003B5AED /* TrigramsGenerator.h */ = {isa = PBXFileReference; fileEncoding = 4; lastKnownFileType = sourcecode.c.h; path = TrigramsGenerator.h; sourceTree = SOURCE_ROOT; };
		E17E152E17F7912A003B5AED /* TrigramsGenerator.m */ = {isa = PBXFileReference; fileEncoding = 4; lastKnownFileType = sourcecode.c.objc; path = TrigramsGenerator.m; sourceTree = SOURCE_ROOT; };
		E17E153117F7A97B003B5AED /* TrigramParserTests.h */ = {isa = PBXFileReference; fileEncoding = 4; lastKnownFileType = sourcecode.c.h; path = TrigramParserTests.h; sourceTree = "<group>"; };
		E17E153217F7A97B003B5AED /* TrigramParserTests.m */ = {isa = PBXFileReference; fileEncoding = 4; lastKnownFileType = sourcecode.c.objc; path = TrigramParserTests.m; sourceTree = "<group>"; };
		E17E153417F8FB29003B5AED /* Constants.h */ = {isa = PBXFileReference; fileEncoding = 4; lastKnownFileType = sourcecode.c.h; path = Constants.h; sourceTree = "<group>"; };
		E17E153517F9157F003B5AED /* TextGenerator.h */ = {isa = PBXFileReference; fileEncoding = 4; lastKnownFileType = sourcecode.c.h; path = TextGenerator.h; sourceTree = "<group>"; };
		E17E153617F91580003B5AED /* TextGenerator.m */ = {isa = PBXFileReference; fileEncoding = 4; lastKnownFileType = sourcecode.c.objc; path = TextGenerator.m; sourceTree = "<group>"; };
		E17E153917F91D2A003B5AED /* TextGeneratorTests.h */ = {isa = PBXFileReference; fileEncoding = 4; lastKnownFileType = sourcecode.c.h; path = TextGeneratorTests.h; sourceTree = "<group>"; };
		E17E153A17F91D2A003B5AED /* TextGeneratorTests.m */ = {isa = PBXFileReference; fileEncoding = 4; lastKnownFileType = sourcecode.c.objc; path = TextGeneratorTests.m; sourceTree = "<group>"; };
		E17E153C17F928A2003B5AED /* TrigramsTableViewCell.h */ = {isa = PBXFileReference; fileEncoding = 4; lastKnownFileType = sourcecode.c.h; path = TrigramsTableViewCell.h; sourceTree = "<group>"; };
		E17E153D17F928A3003B5AED /* TrigramsTableViewCell.m */ = {isa = PBXFileReference; fileEncoding = 4; lastKnownFileType = sourcecode.c.objc; path = TrigramsTableViewCell.m; sourceTree = "<group>"; };
		E17E154017F92C3E003B5AED /* ListViewController.h */ = {isa = PBXFileReference; fileEncoding = 4; lastKnownFileType = sourcecode.c.h; path = ListViewController.h; sourceTree = "<group>"; };
		E17E154117F92C3E003B5AED /* ListViewController.m */ = {isa = PBXFileReference; fileEncoding = 4; lastKnownFileType = sourcecode.c.objc; path = ListViewController.m; sourceTree = "<group>"; };
		E17E154517F93779003B5AED /* TextViewController.h */ = {isa = PBXFileReference; fileEncoding = 4; lastKnownFileType = sourcecode.c.h; path = TextViewController.h; sourceTree = "<group>"; };
		E17E154617F93779003B5AED /* TextViewController.m */ = {isa = PBXFileReference; fileEncoding = 4; lastKnownFileType = sourcecode.c.objc; path = TextViewController.m; sourceTree = "<group>"; };
/* End PBXFileReference section */

/* Begin PBXFrameworksBuildPhase section */
		E17E14CB17F7485A003B5AED /* Frameworks */ = {
			isa = PBXFrameworksBuildPhase;
			buildActionMask = 2147483647;
			files = (
				E17E14D217F7485A003B5AED /* UIKit.framework in Frameworks */,
				E17E14D417F7485A003B5AED /* Foundation.framework in Frameworks */,
				E17E14D617F7485A003B5AED /* CoreGraphics.framework in Frameworks */,
			);
			runOnlyForDeploymentPostprocessing = 0;
		};
		E17E14F017F7485B003B5AED /* Frameworks */ = {
			isa = PBXFrameworksBuildPhase;
			buildActionMask = 2147483647;
			files = (
				E17E14F617F7485B003B5AED /* SenTestingKit.framework in Frameworks */,
				E17E14F717F7485B003B5AED /* UIKit.framework in Frameworks */,
				E17E14F817F7485B003B5AED /* Foundation.framework in Frameworks */,
			);
			runOnlyForDeploymentPostprocessing = 0;
		};
/* End PBXFrameworksBuildPhase section */

/* Begin PBXGroup section */
		E17E14C517F7485A003B5AED = {
			isa = PBXGroup;
			children = (
				E17E14D717F7485A003B5AED /* Trigrams */,
				E17E14FB17F7485B003B5AED /* TrigramsTests */,
				E17E14D017F7485A003B5AED /* Frameworks */,
				E17E14CF17F7485A003B5AED /* Products */,
			);
			sourceTree = "<group>";
		};
		E17E14CF17F7485A003B5AED /* Products */ = {
			isa = PBXGroup;
			children = (
				E17E14CE17F7485A003B5AED /* Trigrams.app */,
				E17E14F417F7485B003B5AED /* TrigramsTests.octest */,
			);
			name = Products;
			sourceTree = "<group>";
		};
		E17E14D017F7485A003B5AED /* Frameworks */ = {
			isa = PBXGroup;
			children = (
				E17E14D117F7485A003B5AED /* UIKit.framework */,
				E17E14D317F7485A003B5AED /* Foundation.framework */,
				E17E14D517F7485A003B5AED /* CoreGraphics.framework */,
				E17E14F517F7485B003B5AED /* SenTestingKit.framework */,
			);
			name = Frameworks;
			sourceTree = "<group>";
		};
		E17E14D717F7485A003B5AED /* Trigrams */ = {
			isa = PBXGroup;
			children = (
				E17E152917F7882F003B5AED /* Book Files */,
				E17E14E017F7485A003B5AED /* AppDelegate.h */,
				E17E14E117F7485A003B5AED /* AppDelegate.m */,
				E17E14E917F7485A003B5AED /* MainStoryboard.storyboard */,
				E17E154017F92C3E003B5AED /* ListViewController.h */,
				E17E154117F92C3E003B5AED /* ListViewController.m */,
				E17E153C17F928A2003B5AED /* TrigramsTableViewCell.h */,
				E17E153D17F928A3003B5AED /* TrigramsTableViewCell.m */,
				E17E154417F93722003B5AED /* Model */,
				E17E14D817F7485A003B5AED /* Supporting Files */,
				E17E154517F93779003B5AED /* TextViewController.h */,
				E17E154617F93779003B5AED /* TextViewController.m */,
			);
			path = Trigrams;
			sourceTree = "<group>";
		};
		E17E14D817F7485A003B5AED /* Supporting Files */ = {
			isa = PBXGroup;
			children = (
				E17E14D917F7485A003B5AED /* Trigrams-Info.plist */,
				E17E14DA17F7485A003B5AED /* InfoPlist.strings */,
				E17E14DD17F7485A003B5AED /* main.m */,
				E17E14DF17F7485A003B5AED /* Trigrams-Prefix.pch */,
				E17E14E317F7485A003B5AED /* Default.png */,
				E17E14E517F7485A003B5AED /* Default@2x.png */,
				E17E14E717F7485A003B5AED /* Default-568h@2x.png */,
			);
			name = "Supporting Files";
			sourceTree = "<group>";
		};
		E17E14FB17F7485B003B5AED /* TrigramsTests */ = {
			isa = PBXGroup;
			children = (
				E17E14FC17F7485B003B5AED /* Supporting Files */,
				E17E152A17F78BE2003B5AED /* TextReaderTests.h */,
				E17E152B17F78BE2003B5AED /* TextReaderTests.m */,
				E17E153117F7A97B003B5AED /* TrigramParserTests.h */,
				E17E153217F7A97B003B5AED /* TrigramParserTests.m */,
				E17E153917F91D2A003B5AED /* TextGeneratorTests.h */,
				E17E153A17F91D2A003B5AED /* TextGeneratorTests.m */,
			);
			path = TrigramsTests;
			sourceTree = "<group>";
		};
		E17E14FC17F7485B003B5AED /* Supporting Files */ = {
			isa = PBXGroup;
			children = (
				E17E14FD17F7485B003B5AED /* TrigramsTests-Info.plist */,
				E17E14FE17F7485B003B5AED /* InfoPlist.strings */,
			);
			name = "Supporting Files";
			sourceTree = "<group>";
		};
		E17E152917F7882F003B5AED /* Book Files */ = {
			isa = PBXGroup;
			children = (
				E17E151A17F78829003B5AED /* book1 test.txt */,
				E17E151B17F78829003B5AED /* book1.txt */,
				E17E151C17F78829003B5AED /* book2 test.txt */,
				E17E151D17F78829003B5AED /* book2.txt */,
				E17E151E17F78829003B5AED /* test kata.txt */,
			);
			name = "Book Files";
			sourceTree = "<group>";
		};
		E17E154417F93722003B5AED /* Model */ = {
			isa = PBXGroup;
			children = (
				E17E150C17F758BB003B5AED /* Trigram.h */,
				E17E150D17F758BB003B5AED /* Trigram.m */,
				E17E151617F78225003B5AED /* TextReader.h */,
				E17E151717F78225003B5AED /* TextReader.m */,
				E17E152D17F7912A003B5AED /* TrigramsGenerator.h */,
				E17E152E17F7912A003B5AED /* TrigramsGenerator.m */,
				E17E153417F8FB29003B5AED /* Constants.h */,
				E17E153517F9157F003B5AED /* TextGenerator.h */,
				E17E153617F91580003B5AED /* TextGenerator.m */,
			);
			name = Model;
			sourceTree = "<group>";
		};
/* End PBXGroup section */

/* Begin PBXNativeTarget section */
		E17E14CD17F7485A003B5AED /* Trigrams */ = {
			isa = PBXNativeTarget;
			buildConfigurationList = E17E150617F7485B003B5AED /* Build configuration list for PBXNativeTarget "Trigrams" */;
			buildPhases = (
				E17E14CA17F7485A003B5AED /* Sources */,
				E17E14CB17F7485A003B5AED /* Frameworks */,
				E17E14CC17F7485A003B5AED /* Resources */,
			);
			buildRules = (
			);
			dependencies = (
			);
			name = Trigrams;
			productName = Trigrams;
			productReference = E17E14CE17F7485A003B5AED /* Trigrams.app */;
			productType = "com.apple.product-type.application";
		};
		E17E14F317F7485B003B5AED /* TrigramsTests */ = {
			isa = PBXNativeTarget;
			buildConfigurationList = E17E150917F7485B003B5AED /* Build configuration list for PBXNativeTarget "TrigramsTests" */;
			buildPhases = (
				E17E14EF17F7485B003B5AED /* Sources */,
				E17E14F017F7485B003B5AED /* Frameworks */,
				E17E14F117F7485B003B5AED /* Resources */,
				E17E14F217F7485B003B5AED /* ShellScript */,
			);
			buildRules = (
			);
			dependencies = (
				E17E14FA17F7485B003B5AED /* PBXTargetDependency */,
			);
			name = TrigramsTests;
			productName = TrigramsTests;
			productReference = E17E14F417F7485B003B5AED /* TrigramsTests.octest */;
			productType = "com.apple.product-type.bundle";
		};
/* End PBXNativeTarget section */

/* Begin PBXProject section */
		E17E14C617F7485A003B5AED /* Project object */ = {
			isa = PBXProject;
			attributes = {
				LastUpgradeCheck = 0460;
				ORGANIZATIONNAME = "Roberto Fierro";
			};
			buildConfigurationList = E17E14C917F7485A003B5AED /* Build configuration list for PBXProject "Trigrams" */;
			compatibilityVersion = "Xcode 3.2";
			developmentRegion = English;
			hasScannedForEncodings = 0;
			knownRegions = (
				en,
			);
			mainGroup = E17E14C517F7485A003B5AED;
			productRefGroup = E17E14CF17F7485A003B5AED /* Products */;
			projectDirPath = "";
			projectRoot = "";
			targets = (
				E17E14CD17F7485A003B5AED /* Trigrams */,
				E17E14F317F7485B003B5AED /* TrigramsTests */,
			);
		};
/* End PBXProject section */

/* Begin PBXResourcesBuildPhase section */
		E17E14CC17F7485A003B5AED /* Resources */ = {
			isa = PBXResourcesBuildPhase;
			buildActionMask = 2147483647;
			files = (
				E17E14DC17F7485A003B5AED /* InfoPlist.strings in Resources */,
				E17E14E417F7485A003B5AED /* Default.png in Resources */,
				E17E14E617F7485A003B5AED /* Default@2x.png in Resources */,
				E17E14E817F7485A003B5AED /* Default-568h@2x.png in Resources */,
				E17E14EB17F7485A003B5AED /* MainStoryboard.storyboard in Resources */,
				E17E151F17F78829003B5AED /* book1 test.txt in Resources */,
				E17E152117F78829003B5AED /* book1.txt in Resources */,
				E17E152317F78829003B5AED /* book2 test.txt in Resources */,
				E17E152517F78829003B5AED /* book2.txt in Resources */,
				E17E152717F78829003B5AED /* test kata.txt in Resources */,
			);
			runOnlyForDeploymentPostprocessing = 0;
		};
		E17E14F117F7485B003B5AED /* Resources */ = {
			isa = PBXResourcesBuildPhase;
			buildActionMask = 2147483647;
			files = (
				E17E150017F7485B003B5AED /* InfoPlist.strings in Resources */,
				E17E152017F78829003B5AED /* book1 test.txt in Resources */,
				E17E152217F78829003B5AED /* book1.txt in Resources */,
				E17E152417F78829003B5AED /* book2 test.txt in Resources */,
				E17E152617F78829003B5AED /* book2.txt in Resources */,
				E17E152817F78829003B5AED /* test kata.txt in Resources */,
			);
			runOnlyForDeploymentPostprocessing = 0;
		};
/* End PBXResourcesBuildPhase section */

/* Begin PBXShellScriptBuildPhase section */
		E17E14F217F7485B003B5AED /* ShellScript */ = {
			isa = PBXShellScriptBuildPhase;
			buildActionMask = 2147483647;
			files = (
			);
			inputPaths = (
			);
			outputPaths = (
			);
			runOnlyForDeploymentPostprocessing = 0;
			shellPath = /bin/sh;
			shellScript = "# Run the unit tests in this test bundle.\n\"${SYSTEM_DEVELOPER_DIR}/Tools/RunUnitTests\"\n";
		};
/* End PBXShellScriptBuildPhase section */

/* Begin PBXSourcesBuildPhase section */
		E17E14CA17F7485A003B5AED /* Sources */ = {
			isa = PBXSourcesBuildPhase;
			buildActionMask = 2147483647;
			files = (
				E17E14DE17F7485A003B5AED /* main.m in Sources */,
				E17E14E217F7485A003B5AED /* AppDelegate.m in Sources */,
				E17E150E17F758BB003B5AED /* Trigram.m in Sources */,
				E17E151817F78226003B5AED /* TextReader.m in Sources */,
				E17E152F17F7912A003B5AED /* TrigramsGenerator.m in Sources */,
				E17E153717F91580003B5AED /* TextGenerator.m in Sources */,
				E17E153E17F928A3003B5AED /* TrigramsTableViewCell.m in Sources */,
				E17E154217F92C3E003B5AED /* ListViewController.m in Sources */,
				E17E154717F93779003B5AED /* TextViewController.m in Sources */,
			);
			runOnlyForDeploymentPostprocessing = 0;
		};
		E17E14EF17F7485B003B5AED /* Sources */ = {
			isa = PBXSourcesBuildPhase;
			buildActionMask = 2147483647;
			files = (
				E17E150F17F758BB003B5AED /* Trigram.m in Sources */,
				E17E151917F78226003B5AED /* TextReader.m in Sources */,
				E17E152C17F78BE2003B5AED /* TextReaderTests.m in Sources */,
				E17E153017F7912A003B5AED /* TrigramsGenerator.m in Sources */,
				E17E153317F7A97B003B5AED /* TrigramParserTests.m in Sources */,
				E17E153817F91580003B5AED /* TextGenerator.m in Sources */,
				E17E153B17F91D2A003B5AED /* TextGeneratorTests.m in Sources */,
				E17E153F17F928A3003B5AED /* TrigramsTableViewCell.m in Sources */,
				E17E154317F92C3E003B5AED /* ListViewController.m in Sources */,
				E17E154817F93779003B5AED /* TextViewController.m in Sources */,
			);
			runOnlyForDeploymentPostprocessing = 0;
		};
/* End PBXSourcesBuildPhase section */

/* Begin PBXTargetDependency section */
		E17E14FA17F7485B003B5AED /* PBXTargetDependency */ = {
			isa = PBXTargetDependency;
			target = E17E14CD17F7485A003B5AED /* Trigrams */;
			targetProxy = E17E14F917F7485B003B5AED /* PBXContainerItemProxy */;
		};
/* End PBXTargetDependency section */

/* Begin PBXVariantGroup section */
		E17E14DA17F7485A003B5AED /* InfoPlist.strings */ = {
			isa = PBXVariantGroup;
			children = (
				E17E14DB17F7485A003B5AED /* en */,
			);
			name = InfoPlist.strings;
			sourceTree = "<group>";
		};
		E17E14E917F7485A003B5AED /* MainStoryboard.storyboard */ = {
			isa = PBXVariantGroup;
			children = (
				E17E14EA17F7485A003B5AED /* en */,
			);
			name = MainStoryboard.storyboard;
			sourceTree = "<group>";
		};
		E17E14FE17F7485B003B5AED /* InfoPlist.strings */ = {
			isa = PBXVariantGroup;
			children = (
				E17E14FF17F7485B003B5AED /* en */,
			);
			name = InfoPlist.strings;
			sourceTree = "<group>";
		};
/* End PBXVariantGroup section */

/* Begin XCBuildConfiguration section */
		E17E150417F7485B003B5AED /* Debug */ = {
			isa = XCBuildConfiguration;
			buildSettings = {
				ALWAYS_SEARCH_USER_PATHS = NO;
				CLANG_CXX_LANGUAGE_STANDARD = "gnu++0x";
				CLANG_CXX_LIBRARY = "libc++";
				CLANG_ENABLE_OBJC_ARC = YES;
				CLANG_WARN_CONSTANT_CONVERSION = YES;
				CLANG_WARN_EMPTY_BODY = YES;
				CLANG_WARN_ENUM_CONVERSION = YES;
				CLANG_WARN_INT_CONVERSION = YES;
				CLANG_WARN__DUPLICATE_METHOD_MATCH = YES;
				"CODE_SIGN_IDENTITY[sdk=iphoneos*]" = "iPhone Developer";
				COPY_PHASE_STRIP = NO;
				GCC_C_LANGUAGE_STANDARD = gnu99;
				GCC_DYNAMIC_NO_PIC = NO;
				GCC_OPTIMIZATION_LEVEL = 0;
				GCC_PREPROCESSOR_DEFINITIONS = (
					"DEBUG=1",
					"$(inherited)",
				);
				GCC_SYMBOLS_PRIVATE_EXTERN = NO;
				GCC_WARN_ABOUT_RETURN_TYPE = YES;
				GCC_WARN_UNINITIALIZED_AUTOS = YES;
				GCC_WARN_UNUSED_VARIABLE = YES;
				IPHONEOS_DEPLOYMENT_TARGET = 6.1;
				ONLY_ACTIVE_ARCH = YES;
				SDKROOT = iphoneos;
			};
			name = Debug;
		};
		E17E150517F7485B003B5AED /* Release */ = {
			isa = XCBuildConfiguration;
			buildSettings = {
				ALWAYS_SEARCH_USER_PATHS = NO;
				CLANG_CXX_LANGUAGE_STANDARD = "gnu++0x";
				CLANG_CXX_LIBRARY = "libc++";
				CLANG_ENABLE_OBJC_ARC = YES;
				CLANG_WARN_CONSTANT_CONVERSION = YES;
				CLANG_WARN_EMPTY_BODY = YES;
				CLANG_WARN_ENUM_CONVERSION = YES;
				CLANG_WARN_INT_CONVERSION = YES;
				CLANG_WARN__DUPLICATE_METHOD_MATCH = YES;
				"CODE_SIGN_IDENTITY[sdk=iphoneos*]" = "iPhone Developer";
				COPY_PHASE_STRIP = YES;
				GCC_C_LANGUAGE_STANDARD = gnu99;
				GCC_WARN_ABOUT_RETURN_TYPE = YES;
				GCC_WARN_UNINITIALIZED_AUTOS = YES;
				GCC_WARN_UNUSED_VARIABLE = YES;
				IPHONEOS_DEPLOYMENT_TARGET = 6.1;
				OTHER_CFLAGS = "-DNS_BLOCK_ASSERTIONS=1";
				SDKROOT = iphoneos;
				VALIDATE_PRODUCT = YES;
			};
			name = Release;
		};
		E17E150717F7485B003B5AED /* Debug */ = {
			isa = XCBuildConfiguration;
			buildSettings = {
				GCC_PRECOMPILE_PREFIX_HEADER = YES;
				GCC_PREFIX_HEADER = "Trigrams/Trigrams-Prefix.pch";
				INFOPLIST_FILE = "Trigrams/Trigrams-Info.plist";
				PRODUCT_NAME = "$(TARGET_NAME)";
				WRAPPER_EXTENSION = app;
			};
			name = Debug;
		};
		E17E150817F7485B003B5AED /* Release */ = {
			isa = XCBuildConfiguration;
			buildSettings = {
				GCC_PRECOMPILE_PREFIX_HEADER = YES;
				GCC_PREFIX_HEADER = "Trigrams/Trigrams-Prefix.pch";
				INFOPLIST_FILE = "Trigrams/Trigrams-Info.plist";
				PRODUCT_NAME = "$(TARGET_NAME)";
				WRAPPER_EXTENSION = app;
			};
			name = Release;
		};
		E17E150A17F7485B003B5AED /* Debug */ = {
			isa = XCBuildConfiguration;
			buildSettings = {
				BUNDLE_LOADER = "$(BUILT_PRODUCTS_DIR)/Trigrams.app/Trigrams";
				FRAMEWORK_SEARCH_PATHS = (
					"\"$(SDKROOT)/Developer/Library/Frameworks\"",
					"\"$(DEVELOPER_LIBRARY_DIR)/Frameworks\"",
				);
				GCC_PRECOMPILE_PREFIX_HEADER = YES;
				GCC_PREFIX_HEADER = "Trigrams/Trigrams-Prefix.pch";
				INFOPLIST_FILE = "TrigramsTests/TrigramsTests-Info.plist";
				PRODUCT_NAME = "$(TARGET_NAME)";
				TEST_HOST = "$(BUNDLE_LOADER)";
				WRAPPER_EXTENSION = octest;
			};
			name = Debug;
		};
		E17E150B17F7485B003B5AED /* Release */ = {
			isa = XCBuildConfiguration;
			buildSettings = {
				BUNDLE_LOADER = "$(BUILT_PRODUCTS_DIR)/Trigrams.app/Trigrams";
				FRAMEWORK_SEARCH_PATHS = (
					"\"$(SDKROOT)/Developer/Library/Frameworks\"",
					"\"$(DEVELOPER_LIBRARY_DIR)/Frameworks\"",
				);
				GCC_PRECOMPILE_PREFIX_HEADER = YES;
				GCC_PREFIX_HEADER = "Trigrams/Trigrams-Prefix.pch";
				INFOPLIST_FILE = "TrigramsTests/TrigramsTests-Info.plist";
				PRODUCT_NAME = "$(TARGET_NAME)";
				TEST_HOST = "$(BUNDLE_LOADER)";
				WRAPPER_EXTENSION = octest;
			};
			name = Release;
		};
/* End XCBuildConfiguration section */

/* Begin XCConfigurationList section */
		E17E14C917F7485A003B5AED /* Build configuration list for PBXProject "Trigrams" */ = {
			isa = XCConfigurationList;
			buildConfigurations = (
				E17E150417F7485B003B5AED /* Debug */,
				E17E150517F7485B003B5AED /* Release */,
			);
			defaultConfigurationIsVisible = 0;
			defaultConfigurationName = Release;
		};
		E17E150617F7485B003B5AED /* Build configuration list for PBXNativeTarget "Trigrams" */ = {
			isa = XCConfigurationList;
			buildConfigurations = (
				E17E150717F7485B003B5AED /* Debug */,
				E17E150817F7485B003B5AED /* Release */,
			);
			defaultConfigurationIsVisible = 0;
			defaultConfigurationName = Release;
		};
		E17E150917F7485B003B5AED /* Build configuration list for PBXNativeTarget "TrigramsTests" */ = {
			isa = XCConfigurationList;
			buildConfigurations = (
				E17E150A17F7485B003B5AED /* Debug */,
				E17E150B17F7485B003B5AED /* Release */,
			);
			defaultConfigurationIsVisible = 0;
			defaultConfigurationName = Release;
		};
/* End XCConfigurationList section */
	};
	rootObject = E17E14C617F7485A003B5AED /* Project object */;
}
